
Microsoft Visual Studio Solution File, Format Version 12.00
# Visual Studio Version 16
VisualStudioVersion = 16.0.30011.22
MinimumVisualStudioVersion = 10.0.40219.1
Project("{FAE04EC0-301F-11D3-BF4B-00C04F79EFBC}") = "Convert2DimensionalArray", "Convert2DimensionalArray\Convert2DimensionalArray.csproj", "{EFD12C5B-B5FA-49AC-98FD-58162BBFF6C6}"
EndProject
Global
	GlobalSection(SolutionConfigurationPlatforms) = preSolution
		Debug|Any CPU = Debug|Any CPU
		Release|Any CPU = Release|Any CPU
	EndGlobalSection
	GlobalSection(ProjectConfigurationPlatforms) = postSolution
		{EFD12C5B-B5FA-49AC-98FD-58162BBFF6C6}.Debug|Any CPU.ActiveCfg = Debug|Any CPU
		{EFD12C5B-B5FA-49AC-98FD-58162BBFF6C6}.Debug|Any CPU.Build.0 = Debug|Any CPU
		{EFD12C5B-B5FA-49AC-98FD-58162BBFF6C6}.Release|Any CPU.ActiveCfg = Release|Any CPU
		{EFD12C5B-B5FA-49AC-98FD-58162BBFF6C6}.Release|Any CPU.Build.0 = Release|Any CPU
	EndGlobalSection
	GlobalSection(SolutionProperties) = preSolution
		HideSolutionNode = FALSE
	EndGlobalSection
	GlobalSection(ExtensibilityGlobals) = postSolution
		SolutionGuid = {104277DD-9B00-4DF2-91D6-70CEEB4C1FEE}
	EndGlobalSection
EndGlobal
