
Microsoft Visual Studio Solution File, Format Version 12.00
# Visual Studio Version 16
VisualStudioVersion = 16.0.30011.22
MinimumVisualStudioVersion = 10.0.40219.1
Project("{FAE04EC0-301F-11D3-BF4B-00C04F79EFBC}") = "HoursMinures", "HoursMinures\HoursMinures.csproj", "{92E8DD38-D037-4D72-B8F2-862822EE0B12}"
EndProject
Global
	GlobalSection(SolutionConfigurationPlatforms) = preSolution
		Debug|Any CPU = Debug|Any CPU
		Release|Any CPU = Release|Any CPU
	EndGlobalSection
	GlobalSection(ProjectConfigurationPlatforms) = postSolution
		{92E8DD38-D037-4D72-B8F2-862822EE0B12}.Debug|Any CPU.ActiveCfg = Debug|Any CPU
		{92E8DD38-D037-4D72-B8F2-862822EE0B12}.Debug|Any CPU.Build.0 = Debug|Any CPU
		{92E8DD38-D037-4D72-B8F2-862822EE0B12}.Release|Any CPU.ActiveCfg = Release|Any CPU
		{92E8DD38-D037-4D72-B8F2-862822EE0B12}.Release|Any CPU.Build.0 = Release|Any CPU
	EndGlobalSection
	GlobalSection(SolutionProperties) = preSolution
		HideSolutionNode = FALSE
	EndGlobalSection
	GlobalSection(ExtensibilityGlobals) = postSolution
		SolutionGuid = {84E944DD-CE54-4252-BC56-DEED1537D108}
	EndGlobalSection
EndGlobal
