
Microsoft Visual Studio Solution File, Format Version 12.00
# Visual Studio Version 16
VisualStudioVersion = 16.0.30011.22
MinimumVisualStudioVersion = 10.0.40219.1
Project("{FAE04EC0-301F-11D3-BF4B-00C04F79EFBC}") = "MultiplicativePersistence", "MultiplicativePersistence\MultiplicativePersistence.csproj", "{83A1DE7C-25AC-447E-A8BC-D3ADFD6676EA}"
EndProject
Global
	GlobalSection(SolutionConfigurationPlatforms) = preSolution
		Debug|Any CPU = Debug|Any CPU
		Release|Any CPU = Release|Any CPU
	EndGlobalSection
	GlobalSection(ProjectConfigurationPlatforms) = postSolution
		{83A1DE7C-25AC-447E-A8BC-D3ADFD6676EA}.Debug|Any CPU.ActiveCfg = Debug|Any CPU
		{83A1DE7C-25AC-447E-A8BC-D3ADFD6676EA}.Debug|Any CPU.Build.0 = Debug|Any CPU
		{83A1DE7C-25AC-447E-A8BC-D3ADFD6676EA}.Release|Any CPU.ActiveCfg = Release|Any CPU
		{83A1DE7C-25AC-447E-A8BC-D3ADFD6676EA}.Release|Any CPU.Build.0 = Release|Any CPU
	EndGlobalSection
	GlobalSection(SolutionProperties) = preSolution
		HideSolutionNode = FALSE
	EndGlobalSection
	GlobalSection(ExtensibilityGlobals) = postSolution
		SolutionGuid = {DD8DFE53-E95E-498B-A9B4-BC7501A63751}
	EndGlobalSection
EndGlobal
