
Microsoft Visual Studio Solution File, Format Version 12.00
# Visual Studio Version 16
VisualStudioVersion = 16.0.30011.22
MinimumVisualStudioVersion = 10.0.40219.1
Project("{FAE04EC0-301F-11D3-BF4B-00C04F79EFBC}") = "DuplicateNumbers", "DuplicateNumbers\DuplicateNumbers.csproj", "{AAE5CFA9-3C71-464C-B030-5008421F7FFF}"
EndProject
Global
	GlobalSection(SolutionConfigurationPlatforms) = preSolution
		Debug|Any CPU = Debug|Any CPU
		Release|Any CPU = Release|Any CPU
	EndGlobalSection
	GlobalSection(ProjectConfigurationPlatforms) = postSolution
		{AAE5CFA9-3C71-464C-B030-5008421F7FFF}.Debug|Any CPU.ActiveCfg = Debug|Any CPU
		{AAE5CFA9-3C71-464C-B030-5008421F7FFF}.Debug|Any CPU.Build.0 = Debug|Any CPU
		{AAE5CFA9-3C71-464C-B030-5008421F7FFF}.Release|Any CPU.ActiveCfg = Release|Any CPU
		{AAE5CFA9-3C71-464C-B030-5008421F7FFF}.Release|Any CPU.Build.0 = Release|Any CPU
	EndGlobalSection
	GlobalSection(SolutionProperties) = preSolution
		HideSolutionNode = FALSE
	EndGlobalSection
	GlobalSection(ExtensibilityGlobals) = postSolution
		SolutionGuid = {455395CA-E5AE-440B-969A-838608471793}
	EndGlobalSection
EndGlobal
